
Microsoft Visual Studio Solution File, Format Version 12.00
# Visual Studio 2012
Project("{FAE04EC0-301F-11D3-BF4B-00C04F79EFBC}") = "data_reader", "data_reader\data_reader.csproj", "{824DC8F2-FF25-498E-8B67-BB03108B2D20}"
EndProject
Global
	GlobalSection(SolutionConfigurationPlatforms) = preSolution
		Debug|Any CPU = Debug|Any CPU
		Release|Any CPU = Release|Any CPU
	EndGlobalSection
	GlobalSection(ProjectConfigurationPlatforms) = postSolution
		{824DC8F2-FF25-498E-8B67-BB03108B2D20}.Debug|Any CPU.ActiveCfg = Debug|Any CPU
		{824DC8F2-FF25-498E-8B67-BB03108B2D20}.Debug|Any CPU.Build.0 = Debug|Any CPU
		{824DC8F2-FF25-498E-8B67-BB03108B2D20}.Release|Any CPU.ActiveCfg = Release|Any CPU
		{824DC8F2-FF25-498E-8B67-BB03108B2D20}.Release|Any CPU.Build.0 = Release|Any CPU
	EndGlobalSection
	GlobalSection(SolutionProperties) = preSolution
		HideSolutionNode = FALSE
	EndGlobalSection
EndGlobal
